
Microsoft Visual Studio Solution File, Format Version 12.00
# Visual Studio 15
Project("{FAE04EC0-301F-11D3-BF4B-00C04F79EFBC}") = "Assembly-CSharp", "Assembly-CSharp.csproj", "{682E5E86-81DE-0BE6-1B58-87763D659CB9}"
EndProject
Project("{FAE04EC0-301F-11D3-BF4B-00C04F79EFBC}") = "Zenject", "Zenject.csproj", "{CD6DDFD1-CECE-9D5A-ABB0-A19DF1E20A95}"
EndProject
Project("{FAE04EC0-301F-11D3-BF4B-00C04F79EFBC}") = "Zenject-IntegrationTests-Editor", "Zenject-IntegrationTests-Editor.csproj", "{FA02705E-C68D-5827-28DB-D4303043ED8F}"
EndProject
Project("{FAE04EC0-301F-11D3-BF4B-00C04F79EFBC}") = "Zenject-IntegrationTests", "Zenject-IntegrationTests.csproj", "{3CC502F7-7911-7C42-E492-31B59B7FF9EC}"
EndProject
Project("{FAE04EC0-301F-11D3-BF4B-00C04F79EFBC}") = "Zenject-PoolMonitor-Editor", "Zenject-PoolMonitor-Editor.csproj", "{1C3D7CB3-4050-0D39-0937-14AE8CE3C4F1}"
EndProject
Project("{FAE04EC0-301F-11D3-BF4B-00C04F79EFBC}") = "Zenject-UnitTests-Editor", "Zenject-UnitTests-Editor.csproj", "{15301CFD-40B3-2BF7-3101-5B19996F0642}"
EndProject
Project("{FAE04EC0-301F-11D3-BF4B-00C04F79EFBC}") = "Zenject-ReflectionBaking-Editor", "Zenject-ReflectionBaking-Editor.csproj", "{9E5D411B-5105-07FB-9589-8B93995F883A}"
EndProject
Project("{FAE04EC0-301F-11D3-BF4B-00C04F79EFBC}") = "Zenject-TestFramework", "Zenject-TestFramework.csproj", "{20B7CBD9-A7E8-0640-DDDB-9E1A735E8E99}"
EndProject
Project("{FAE04EC0-301F-11D3-BF4B-00C04F79EFBC}") = "Zenject-Editor", "Zenject-Editor.csproj", "{913B6AED-04FD-64F2-9B78-6FAFB23DB383}"
EndProject
Global
	GlobalSection(SolutionConfigurationPlatforms) = preSolution
		Debug|Any CPU = Debug|Any CPU
		Release|Any CPU = Release|Any CPU
	EndGlobalSection
	GlobalSection(ProjectConfigurationPlatforms) = postSolution
		{682E5E86-81DE-0BE6-1B58-87763D659CB9}.Debug|Any CPU.ActiveCfg = Debug|Any CPU
		{682E5E86-81DE-0BE6-1B58-87763D659CB9}.Debug|Any CPU.Build.0 = Debug|Any CPU
		{682E5E86-81DE-0BE6-1B58-87763D659CB9}.Release|Any CPU.ActiveCfg = Release|Any CPU
		{682E5E86-81DE-0BE6-1B58-87763D659CB9}.Release|Any CPU.Build.0 = Release|Any CPU
		{CD6DDFD1-CECE-9D5A-ABB0-A19DF1E20A95}.Debug|Any CPU.ActiveCfg = Debug|Any CPU
		{CD6DDFD1-CECE-9D5A-ABB0-A19DF1E20A95}.Debug|Any CPU.Build.0 = Debug|Any CPU
		{CD6DDFD1-CECE-9D5A-ABB0-A19DF1E20A95}.Release|Any CPU.ActiveCfg = Release|Any CPU
		{CD6DDFD1-CECE-9D5A-ABB0-A19DF1E20A95}.Release|Any CPU.Build.0 = Release|Any CPU
		{FA02705E-C68D-5827-28DB-D4303043ED8F}.Debug|Any CPU.ActiveCfg = Debug|Any CPU
		{FA02705E-C68D-5827-28DB-D4303043ED8F}.Debug|Any CPU.Build.0 = Debug|Any CPU
		{FA02705E-C68D-5827-28DB-D4303043ED8F}.Release|Any CPU.ActiveCfg = Release|Any CPU
		{FA02705E-C68D-5827-28DB-D4303043ED8F}.Release|Any CPU.Build.0 = Release|Any CPU
		{3CC502F7-7911-7C42-E492-31B59B7FF9EC}.Debug|Any CPU.ActiveCfg = Debug|Any CPU
		{3CC502F7-7911-7C42-E492-31B59B7FF9EC}.Debug|Any CPU.Build.0 = Debug|Any CPU
		{3CC502F7-7911-7C42-E492-31B59B7FF9EC}.Release|Any CPU.ActiveCfg = Release|Any CPU
		{3CC502F7-7911-7C42-E492-31B59B7FF9EC}.Release|Any CPU.Build.0 = Release|Any CPU
		{1C3D7CB3-4050-0D39-0937-14AE8CE3C4F1}.Debug|Any CPU.ActiveCfg = Debug|Any CPU
		{1C3D7CB3-4050-0D39-0937-14AE8CE3C4F1}.Debug|Any CPU.Build.0 = Debug|Any CPU
		{1C3D7CB3-4050-0D39-0937-14AE8CE3C4F1}.Release|Any CPU.ActiveCfg = Release|Any CPU
		{1C3D7CB3-4050-0D39-0937-14AE8CE3C4F1}.Release|Any CPU.Build.0 = Release|Any CPU
		{15301CFD-40B3-2BF7-3101-5B19996F0642}.Debug|Any CPU.ActiveCfg = Debug|Any CPU
		{15301CFD-40B3-2BF7-3101-5B19996F0642}.Debug|Any CPU.Build.0 = Debug|Any CPU
		{15301CFD-40B3-2BF7-3101-5B19996F0642}.Release|Any CPU.ActiveCfg = Release|Any CPU
		{15301CFD-40B3-2BF7-3101-5B19996F0642}.Release|Any CPU.Build.0 = Release|Any CPU
		{9E5D411B-5105-07FB-9589-8B93995F883A}.Debug|Any CPU.ActiveCfg = Debug|Any CPU
		{9E5D411B-5105-07FB-9589-8B93995F883A}.Debug|Any CPU.Build.0 = Debug|Any CPU
		{9E5D411B-5105-07FB-9589-8B93995F883A}.Release|Any CPU.ActiveCfg = Release|Any CPU
		{9E5D411B-5105-07FB-9589-8B93995F883A}.Release|Any CPU.Build.0 = Release|Any CPU
		{20B7CBD9-A7E8-0640-DDDB-9E1A735E8E99}.Debug|Any CPU.ActiveCfg = Debug|Any CPU
		{20B7CBD9-A7E8-0640-DDDB-9E1A735E8E99}.Debug|Any CPU.Build.0 = Debug|Any CPU
		{20B7CBD9-A7E8-0640-DDDB-9E1A735E8E99}.Release|Any CPU.ActiveCfg = Release|Any CPU
		{20B7CBD9-A7E8-0640-DDDB-9E1A735E8E99}.Release|Any CPU.Build.0 = Release|Any CPU
		{913B6AED-04FD-64F2-9B78-6FAFB23DB383}.Debug|Any CPU.ActiveCfg = Debug|Any CPU
		{913B6AED-04FD-64F2-9B78-6FAFB23DB383}.Debug|Any CPU.Build.0 = Debug|Any CPU
		{913B6AED-04FD-64F2-9B78-6FAFB23DB383}.Release|Any CPU.ActiveCfg = Release|Any CPU
		{913B6AED-04FD-64F2-9B78-6FAFB23DB383}.Release|Any CPU.Build.0 = Release|Any CPU
	EndGlobalSection
	GlobalSection(SolutionProperties) = preSolution
		HideSolutionNode = FALSE
	EndGlobalSection
EndGlobal
